
Microsoft Visual Studio Solution File, Format Version 12.00
# Visual Studio Version 16
VisualStudioVersion = 16.0.29926.136
MinimumVisualStudioVersion = 10.0.40219.1
Project("{8BC9CEB8-8B4A-11D0-8D11-00A0C91BC942}") = "자료구조_10주차과제4_201921195_조우연", "자료구조_10주차과제4_201921195_조우연\자료구조_10주차과제4_201921195_조우연.vcxproj", "{D38788EB-7F82-48B7-A46C-ACEABC742E85}"
EndProject
Global
	GlobalSection(SolutionConfigurationPlatforms) = preSolution
		Debug|x64 = Debug|x64
		Debug|x86 = Debug|x86
		Release|x64 = Release|x64
		Release|x86 = Release|x86
	EndGlobalSection
	GlobalSection(ProjectConfigurationPlatforms) = postSolution
		{D38788EB-7F82-48B7-A46C-ACEABC742E85}.Debug|x64.ActiveCfg = Debug|x64
		{D38788EB-7F82-48B7-A46C-ACEABC742E85}.Debug|x64.Build.0 = Debug|x64
		{D38788EB-7F82-48B7-A46C-ACEABC742E85}.Debug|x86.ActiveCfg = Debug|Win32
		{D38788EB-7F82-48B7-A46C-ACEABC742E85}.Debug|x86.Build.0 = Debug|Win32
		{D38788EB-7F82-48B7-A46C-ACEABC742E85}.Release|x64.ActiveCfg = Release|x64
		{D38788EB-7F82-48B7-A46C-ACEABC742E85}.Release|x64.Build.0 = Release|x64
		{D38788EB-7F82-48B7-A46C-ACEABC742E85}.Release|x86.ActiveCfg = Release|Win32
		{D38788EB-7F82-48B7-A46C-ACEABC742E85}.Release|x86.Build.0 = Release|Win32
	EndGlobalSection
	GlobalSection(SolutionProperties) = preSolution
		HideSolutionNode = FALSE
	EndGlobalSection
	GlobalSection(ExtensibilityGlobals) = postSolution
		SolutionGuid = {4B1C2FD5-F083-46FA-94BB-BEEC24D59052}
	EndGlobalSection
EndGlobal
