
Microsoft Visual Studio Solution File, Format Version 12.00
# Visual Studio Version 16
VisualStudioVersion = 16.0.29926.136
MinimumVisualStudioVersion = 10.0.40219.1
Project("{8BC9CEB8-8B4A-11D0-8D11-00A0C91BC942}") = "자료구조_3주차과제3_201921195_조우연", "자료구조_3주차과제3_201921195_조우연\자료구조_3주차과제3_201921195_조우연.vcxproj", "{6DA171BD-92E6-479A-85E7-55E4AF386F0F}"
EndProject
Global
	GlobalSection(SolutionConfigurationPlatforms) = preSolution
		Debug|x64 = Debug|x64
		Debug|x86 = Debug|x86
		Release|x64 = Release|x64
		Release|x86 = Release|x86
	EndGlobalSection
	GlobalSection(ProjectConfigurationPlatforms) = postSolution
		{6DA171BD-92E6-479A-85E7-55E4AF386F0F}.Debug|x64.ActiveCfg = Debug|x64
		{6DA171BD-92E6-479A-85E7-55E4AF386F0F}.Debug|x64.Build.0 = Debug|x64
		{6DA171BD-92E6-479A-85E7-55E4AF386F0F}.Debug|x86.ActiveCfg = Debug|Win32
		{6DA171BD-92E6-479A-85E7-55E4AF386F0F}.Debug|x86.Build.0 = Debug|Win32
		{6DA171BD-92E6-479A-85E7-55E4AF386F0F}.Release|x64.ActiveCfg = Release|x64
		{6DA171BD-92E6-479A-85E7-55E4AF386F0F}.Release|x64.Build.0 = Release|x64
		{6DA171BD-92E6-479A-85E7-55E4AF386F0F}.Release|x86.ActiveCfg = Release|Win32
		{6DA171BD-92E6-479A-85E7-55E4AF386F0F}.Release|x86.Build.0 = Release|Win32
	EndGlobalSection
	GlobalSection(SolutionProperties) = preSolution
		HideSolutionNode = FALSE
	EndGlobalSection
	GlobalSection(ExtensibilityGlobals) = postSolution
		SolutionGuid = {13D8DF5D-A5CE-4F71-BBE4-E633E2F0EE1B}
	EndGlobalSection
EndGlobal
