
Microsoft Visual Studio Solution File, Format Version 12.00
# Visual Studio Version 16
VisualStudioVersion = 16.0.29926.136
MinimumVisualStudioVersion = 10.0.40219.1
Project("{8BC9CEB8-8B4A-11D0-8D11-00A0C91BC942}") = "자료구조_4주차과제1_201921195_조우연", "자료구조_4주차과제1_201921195_조우연\자료구조_4주차과제1_201921195_조우연.vcxproj", "{CDBA3C7A-C074-4637-8F3E-4E33B4310B7E}"
EndProject
Global
	GlobalSection(SolutionConfigurationPlatforms) = preSolution
		Debug|x64 = Debug|x64
		Debug|x86 = Debug|x86
		Release|x64 = Release|x64
		Release|x86 = Release|x86
	EndGlobalSection
	GlobalSection(ProjectConfigurationPlatforms) = postSolution
		{CDBA3C7A-C074-4637-8F3E-4E33B4310B7E}.Debug|x64.ActiveCfg = Debug|x64
		{CDBA3C7A-C074-4637-8F3E-4E33B4310B7E}.Debug|x64.Build.0 = Debug|x64
		{CDBA3C7A-C074-4637-8F3E-4E33B4310B7E}.Debug|x86.ActiveCfg = Debug|Win32
		{CDBA3C7A-C074-4637-8F3E-4E33B4310B7E}.Debug|x86.Build.0 = Debug|Win32
		{CDBA3C7A-C074-4637-8F3E-4E33B4310B7E}.Release|x64.ActiveCfg = Release|x64
		{CDBA3C7A-C074-4637-8F3E-4E33B4310B7E}.Release|x64.Build.0 = Release|x64
		{CDBA3C7A-C074-4637-8F3E-4E33B4310B7E}.Release|x86.ActiveCfg = Release|Win32
		{CDBA3C7A-C074-4637-8F3E-4E33B4310B7E}.Release|x86.Build.0 = Release|Win32
	EndGlobalSection
	GlobalSection(SolutionProperties) = preSolution
		HideSolutionNode = FALSE
	EndGlobalSection
	GlobalSection(ExtensibilityGlobals) = postSolution
		SolutionGuid = {59F71CA4-B326-4781-907B-2CFA28AB6A6D}
	EndGlobalSection
EndGlobal
